// !$*UTF8*$!
{
	archiveVersion = 1;
	classes = {
	};
	objectVersion = 50;
	objects = {

/* Begin PBXBuildFile section */
		134FDAA424AE14BA000D0F4B /* LessonIndexView.swift in Sources */ = {isa = PBXBuildFile; fileRef = 134FDAA324AE14BA000D0F4B /* LessonIndexView.swift */; };
		134FDAA624AE21E1000D0F4B /* Lesson.swift in Sources */ = {isa = PBXBuildFile; fileRef = 134FDAA524AE21E1000D0F4B /* Lesson.swift */; };
		134FDAA824AE354A000D0F4B /* LessonView.swift in Sources */ = {isa = PBXBuildFile; fileRef = 134FDAA724AE354A000D0F4B /* LessonView.swift */; };
		134FDAAC24AE3FDA000D0F4B /* Default-568h@2x.png in Resources */ = {isa = PBXBuildFile; fileRef = 134FDAAB24AE3FDA000D0F4B /* Default-568h@2x.png */; };
		135AAA4A24C8742400884260 /* LessonRepository.swift in Sources */ = {isa = PBXBuildFile; fileRef = 135AAA4924C8742400884260 /* LessonRepository.swift */; };
		1365BBE224EEB6A40019B895 /* PlayerItem.swift in Sources */ = {isa = PBXBuildFile; fileRef = 1365BBE124EEB6A40019B895 /* PlayerItem.swift */; };
		136BEAF924D4524900107A05 /* AudioToolbarView.swift in Sources */ = {isa = PBXBuildFile; fileRef = 136BEAF824D4524900107A05 /* AudioToolbarView.swift */; };
		137E8B1224EC127600C8A47A /* Colors.swift in Sources */ = {isa = PBXBuildFile; fileRef = 137E8B1124EC127600C8A47A /* Colors.swift */; };
		1397ACE224B7641600139C2A /* Audio in Resources */ = {isa = PBXBuildFile; fileRef = 1397ACE124B7641600139C2A /* Audio */; };
		139C578424CF0B27009E16F6 /* mandarin-lessons.json in Resources */ = {isa = PBXBuildFile; fileRef = 139C578324CF0B27009E16F6 /* mandarin-lessons.json */; };
		13BA871324B4CA5A0047BBFB /* AudioPlayer.swift in Sources */ = {isa = PBXBuildFile; fileRef = 13BA871224B4CA5A0047BBFB /* AudioPlayer.swift */; };
		13C211E324DB02BB0043AB5A /* FilterView.swift in Sources */ = {isa = PBXBuildFile; fileRef = 13C211E224DB02BB0043AB5A /* FilterView.swift */; };
		13D3A32624AB719D00539895 /* AppDelegate.swift in Sources */ = {isa = PBXBuildFile; fileRef = 13D3A32524AB719D00539895 /* AppDelegate.swift */; };
		13D3A32824AB719D00539895 /* SceneDelegate.swift in Sources */ = {isa = PBXBuildFile; fileRef = 13D3A32724AB719D00539895 /* SceneDelegate.swift */; };
		13D3A32C24AB719F00539895 /* Assets.xcassets in Resources */ = {isa = PBXBuildFile; fileRef = 13D3A32B24AB719F00539895 /* Assets.xcassets */; };
		13D3A32F24AB719F00539895 /* Preview Assets.xcassets in Resources */ = {isa = PBXBuildFile; fileRef = 13D3A32E24AB719F00539895 /* Preview Assets.xcassets */; };
		13D3A33224AB719F00539895 /* LaunchScreen.storyboard in Resources */ = {isa = PBXBuildFile; fileRef = 13D3A33024AB719F00539895 /* LaunchScreen.storyboard */; };
		13FD6B7D24F89E9200852C29 /* es-lessons.json in Resources */ = {isa = PBXBuildFile; fileRef = 13FD6B7C24F89E9200852C29 /* es-lessons.json */; };
/* End PBXBuildFile section */

/* Begin PBXFileReference section */
		134FDAA324AE14BA000D0F4B /* LessonIndexView.swift */ = {isa = PBXFileReference; lastKnownFileType = sourcecode.swift; path = LessonIndexView.swift; sourceTree = "<group>"; };
		134FDAA524AE21E1000D0F4B /* Lesson.swift */ = {isa = PBXFileReference; lastKnownFileType = sourcecode.swift; path = Lesson.swift; sourceTree = "<group>"; };
		134FDAA724AE354A000D0F4B /* LessonView.swift */ = {isa = PBXFileReference; lastKnownFileType = sourcecode.swift; path = LessonView.swift; sourceTree = "<group>"; };
		134FDAAB24AE3FDA000D0F4B /* Default-568h@2x.png */ = {isa = PBXFileReference; lastKnownFileType = image.png; path = "Default-568h@2x.png"; sourceTree = "<group>"; };
		135AAA4924C8742400884260 /* LessonRepository.swift */ = {isa = PBXFileReference; lastKnownFileType = sourcecode.swift; path = LessonRepository.swift; sourceTree = "<group>"; };
		1365BBE124EEB6A40019B895 /* PlayerItem.swift */ = {isa = PBXFileReference; lastKnownFileType = sourcecode.swift; path = PlayerItem.swift; sourceTree = "<group>"; };
		136BEAF824D4524900107A05 /* AudioToolbarView.swift */ = {isa = PBXFileReference; lastKnownFileType = sourcecode.swift; path = AudioToolbarView.swift; sourceTree = "<group>"; };
		137E8B1124EC127600C8A47A /* Colors.swift */ = {isa = PBXFileReference; lastKnownFileType = sourcecode.swift; path = Colors.swift; sourceTree = "<group>"; };
		1397ACE124B7641600139C2A /* Audio */ = {isa = PBXFileReference; lastKnownFileType = folder; path = Audio; sourceTree = "<group>"; };
		139C578324CF0B27009E16F6 /* mandarin-lessons.json */ = {isa = PBXFileReference; lastKnownFileType = text.json; path = "mandarin-lessons.json"; sourceTree = "<group>"; };
		13BA871224B4CA5A0047BBFB /* AudioPlayer.swift */ = {isa = PBXFileReference; lastKnownFileType = sourcecode.swift; path = AudioPlayer.swift; sourceTree = "<group>"; };
		13C211E224DB02BB0043AB5A /* FilterView.swift */ = {isa = PBXFileReference; lastKnownFileType = sourcecode.swift; path = FilterView.swift; sourceTree = "<group>"; };
		13D3A32224AB719D00539895 /* LinguaFreq.app */ = {isa = PBXFileReference; explicitFileType = wrapper.application; includeInIndex = 0; path = LinguaFreq.app; sourceTree = BUILT_PRODUCTS_DIR; };
		13D3A32524AB719D00539895 /* AppDelegate.swift */ = {isa = PBXFileReference; lastKnownFileType = sourcecode.swift; path = AppDelegate.swift; sourceTree = "<group>"; };
		13D3A32724AB719D00539895 /* SceneDelegate.swift */ = {isa = PBXFileReference; lastKnownFileType = sourcecode.swift; path = SceneDelegate.swift; sourceTree = "<group>"; };
		13D3A32B24AB719F00539895 /* Assets.xcassets */ = {isa = PBXFileReference; lastKnownFileType = folder.assetcatalog; path = Assets.xcassets; sourceTree = "<group>"; };
		13D3A32E24AB719F00539895 /* Preview Assets.xcassets */ = {isa = PBXFileReference; lastKnownFileType = folder.assetcatalog; path = "Preview Assets.xcassets"; sourceTree = "<group>"; };
		13D3A33124AB719F00539895 /* Base */ = {isa = PBXFileReference; lastKnownFileType = file.storyboard; name = Base; path = Base.lproj/LaunchScreen.storyboard; sourceTree = "<group>"; };
		13D3A33324AB719F00539895 /* Info.plist */ = {isa = PBXFileReference; lastKnownFileType = text.plist.xml; path = Info.plist; sourceTree = "<group>"; };
		13FD6B7C24F89E9200852C29 /* es-lessons.json */ = {isa = PBXFileReference; fileEncoding = 4; lastKnownFileType = text.json; path = "es-lessons.json"; sourceTree = "<group>"; };
/* End PBXFileReference section */

/* Begin PBXFrameworksBuildPhase section */
		13D3A31F24AB719D00539895 /* Frameworks */ = {
			isa = PBXFrameworksBuildPhase;
			buildActionMask = 2147483647;
			files = (
			);
			runOnlyForDeploymentPostprocessing = 0;
		};
/* End PBXFrameworksBuildPhase section */

/* Begin PBXGroup section */
		137E8B1024EC125B00C8A47A /* Theme */ = {
			isa = PBXGroup;
			children = (
				137E8B1124EC127600C8A47A /* Colors.swift */,
			);
			path = Theme;
			sourceTree = "<group>";
		};
		1397ACD824B7630400139C2A /* Framework */ = {
			isa = PBXGroup;
			children = (
				13D3A32524AB719D00539895 /* AppDelegate.swift */,
				13D3A32724AB719D00539895 /* SceneDelegate.swift */,
			);
			path = Framework;
			sourceTree = "<group>";
		};
		1397ACD924B7633B00139C2A /* Models */ = {
			isa = PBXGroup;
			children = (
				13BA871224B4CA5A0047BBFB /* AudioPlayer.swift */,
				1365BBE124EEB6A40019B895 /* PlayerItem.swift */,
				134FDAA524AE21E1000D0F4B /* Lesson.swift */,
				135AAA4924C8742400884260 /* LessonRepository.swift */,
			);
			path = Models;
			sourceTree = "<group>";
		};
		1397ACE324B7647300139C2A /* Supporting Files */ = {
			isa = PBXGroup;
			children = (
				13D3A33324AB719F00539895 /* Info.plist */,
			);
			path = "Supporting Files";
			sourceTree = "<group>";
		};
		1397ACE424B7649300139C2A /* Views */ = {
			isa = PBXGroup;
			children = (
				134FDAA324AE14BA000D0F4B /* LessonIndexView.swift */,
				13C211E224DB02BB0043AB5A /* FilterView.swift */,
				136BEAF824D4524900107A05 /* AudioToolbarView.swift */,
				134FDAA724AE354A000D0F4B /* LessonView.swift */,
			);
			path = Views;
			sourceTree = "<group>";
		};
		13BA870D24B4C7DF0047BBFB /* Resources */ = {
			isa = PBXGroup;
			children = (
				13D3A32B24AB719F00539895 /* Assets.xcassets */,
				13FD6B7C24F89E9200852C29 /* es-lessons.json */,
				1397ACE124B7641600139C2A /* Audio */,
				134FDAAB24AE3FDA000D0F4B /* Default-568h@2x.png */,
				13D3A33024AB719F00539895 /* LaunchScreen.storyboard */,
				139C578324CF0B27009E16F6 /* mandarin-lessons.json */,
			);
			path = Resources;
			sourceTree = "<group>";
		};
		13D3A31924AB719D00539895 = {
			isa = PBXGroup;
			children = (
				13D3A32424AB719D00539895 /* App */,
				13D3A32324AB719D00539895 /* Products */,
			);
			sourceTree = "<group>";
		};
		13D3A32324AB719D00539895 /* Products */ = {
			isa = PBXGroup;
			children = (
				13D3A32224AB719D00539895 /* LinguaFreq.app */,
			);
			name = Products;
			sourceTree = "<group>";
		};
		13D3A32424AB719D00539895 /* App */ = {
			isa = PBXGroup;
			children = (
				1397ACD824B7630400139C2A /* Framework */,
				1397ACD924B7633B00139C2A /* Models */,
				13D3A32D24AB719F00539895 /* Preview Content */,
				13BA870D24B4C7DF0047BBFB /* Resources */,
				1397ACE324B7647300139C2A /* Supporting Files */,
				137E8B1024EC125B00C8A47A /* Theme */,
				1397ACE424B7649300139C2A /* Views */,
			);
			path = App;
			sourceTree = "<group>";
		};
		13D3A32D24AB719F00539895 /* Preview Content */ = {
			isa = PBXGroup;
			children = (
				13D3A32E24AB719F00539895 /* Preview Assets.xcassets */,
			);
			path = "Preview Content";
			sourceTree = "<group>";
		};
/* End PBXGroup section */

/* Begin PBXNativeTarget section */
		13D3A32124AB719D00539895 /* LinguaFreq */ = {
			isa = PBXNativeTarget;
			buildConfigurationList = 13D3A33624AB719F00539895 /* Build configuration list for PBXNativeTarget "LinguaFreq" */;
			buildPhases = (
				13D3A31E24AB719D00539895 /* Sources */,
				13D3A31F24AB719D00539895 /* Frameworks */,
				13D3A32024AB719D00539895 /* Resources */,
			);
			buildRules = (
			);
			dependencies = (
			);
			name = LinguaFreq;
			productName = HelloWorld;
			productReference = 13D3A32224AB719D00539895 /* LinguaFreq.app */;
			productType = "com.apple.product-type.application";
		};
/* End PBXNativeTarget section */

/* Begin PBXProject section */
		13D3A31A24AB719D00539895 /* Project object */ = {
			isa = PBXProject;
			attributes = {
				LastSwiftUpdateCheck = 1150;
				LastUpgradeCheck = 1150;
				ORGANIZATIONNAME = JRO;
				TargetAttributes = {
					13D3A32124AB719D00539895 = {
						CreatedOnToolsVersion = 11.5;
					};
				};
			};
			buildConfigurationList = 13D3A31D24AB719D00539895 /* Build configuration list for PBXProject "LinguaFreq" */;
			compatibilityVersion = "Xcode 9.3";
			developmentRegion = en;
			hasScannedForEncodings = 0;
			knownRegions = (
				en,
				Base,
			);
			mainGroup = 13D3A31924AB719D00539895;
			productRefGroup = 13D3A32324AB719D00539895 /* Products */;
			projectDirPath = "";
			projectRoot = "";
			targets = (
				13D3A32124AB719D00539895 /* LinguaFreq */,
			);
		};
/* End PBXProject section */

/* Begin PBXResourcesBuildPhase section */
		13D3A32024AB719D00539895 /* Resources */ = {
			isa = PBXResourcesBuildPhase;
			buildActionMask = 2147483647;
			files = (
				13D3A33224AB719F00539895 /* LaunchScreen.storyboard in Resources */,
				13FD6B7D24F89E9200852C29 /* es-lessons.json in Resources */,
				1397ACE224B7641600139C2A /* Audio in Resources */,
				134FDAAC24AE3FDA000D0F4B /* Default-568h@2x.png in Resources */,
				13D3A32F24AB719F00539895 /* Preview Assets.xcassets in Resources */,
				13D3A32C24AB719F00539895 /* Assets.xcassets in Resources */,
				139C578424CF0B27009E16F6 /* mandarin-lessons.json in Resources */,
			);
			runOnlyForDeploymentPostprocessing = 0;
		};
/* End PBXResourcesBuildPhase section */

/* Begin PBXSourcesBuildPhase section */
		13D3A31E24AB719D00539895 /* Sources */ = {
			isa = PBXSourcesBuildPhase;
			buildActionMask = 2147483647;
			files = (
				134FDAA824AE354A000D0F4B /* LessonView.swift in Sources */,
				137E8B1224EC127600C8A47A /* Colors.swift in Sources */,
				136BEAF924D4524900107A05 /* AudioToolbarView.swift in Sources */,
				134FDAA624AE21E1000D0F4B /* Lesson.swift in Sources */,
				13D3A32624AB719D00539895 /* AppDelegate.swift in Sources */,
				13C211E324DB02BB0043AB5A /* FilterView.swift in Sources */,
				1365BBE224EEB6A40019B895 /* PlayerItem.swift in Sources */,
				134FDAA424AE14BA000D0F4B /* LessonIndexView.swift in Sources */,
				13D3A32824AB719D00539895 /* SceneDelegate.swift in Sources */,
				135AAA4A24C8742400884260 /* LessonRepository.swift in Sources */,
				13BA871324B4CA5A0047BBFB /* AudioPlayer.swift in Sources */,
			);
			runOnlyForDeploymentPostprocessing = 0;
		};
/* End PBXSourcesBuildPhase section */

/* Begin PBXVariantGroup section */
		13D3A33024AB719F00539895 /* LaunchScreen.storyboard */ = {
			isa = PBXVariantGroup;
			children = (
				13D3A33124AB719F00539895 /* Base */,
			);
			name = LaunchScreen.storyboard;
			sourceTree = "<group>";
		};
/* End PBXVariantGroup section */

/* Begin XCBuildConfiguration section */
		13D3A33424AB719F00539895 /* Debug */ = {
			isa = XCBuildConfiguration;
			buildSettings = {
				ALWAYS_SEARCH_USER_PATHS = NO;
				CLANG_ANALYZER_NONNULL = YES;
				CLANG_ANALYZER_NUMBER_OBJECT_CONVERSION = YES_AGGRESSIVE;
				CLANG_CXX_LANGUAGE_STANDARD = "gnu++14";
				CLANG_CXX_LIBRARY = "libc++";
				CLANG_ENABLE_MODULES = YES;
				CLANG_ENABLE_OBJC_ARC = YES;
				CLANG_ENABLE_OBJC_WEAK = YES;
				CLANG_WARN_BLOCK_CAPTURE_AUTORELEASING = YES;
				CLANG_WARN_BOOL_CONVERSION = YES;
				CLANG_WARN_COMMA = YES;
				CLANG_WARN_CONSTANT_CONVERSION = YES;
				CLANG_WARN_DEPRECATED_OBJC_IMPLEMENTATIONS = YES;
				CLANG_WARN_DIRECT_OBJC_ISA_USAGE = YES_ERROR;
				CLANG_WARN_DOCUMENTATION_COMMENTS = YES;
				CLANG_WARN_EMPTY_BODY = YES;
				CLANG_WARN_ENUM_CONVERSION = YES;
				CLANG_WARN_INFINITE_RECURSION = YES;
				CLANG_WARN_INT_CONVERSION = YES;
				CLANG_WARN_NON_LITERAL_NULL_CONVERSION = YES;
				CLANG_WARN_OBJC_IMPLICIT_RETAIN_SELF = YES;
				CLANG_WARN_OBJC_LITERAL_CONVERSION = YES;
				CLANG_WARN_OBJC_ROOT_CLASS = YES_ERROR;
				CLANG_WARN_RANGE_LOOP_ANALYSIS = YES;
				CLANG_WARN_STRICT_PROTOTYPES = YES;
				CLANG_WARN_SUSPICIOUS_MOVE = YES;
				CLANG_WARN_UNGUARDED_AVAILABILITY = YES_AGGRESSIVE;
				CLANG_WARN_UNREACHABLE_CODE = YES;
				CLANG_WARN__DUPLICATE_METHOD_MATCH = YES;
				COPY_PHASE_STRIP = NO;
				DEBUG_INFORMATION_FORMAT = dwarf;
				ENABLE_STRICT_OBJC_MSGSEND = YES;
				ENABLE_TESTABILITY = YES;
				GCC_C_LANGUAGE_STANDARD = gnu11;
				GCC_DYNAMIC_NO_PIC = NO;
				GCC_NO_COMMON_BLOCKS = YES;
				GCC_OPTIMIZATION_LEVEL = 0;
				GCC_PREPROCESSOR_DEFINITIONS = (
					"DEBUG=1",
					"$(inherited)",
				);
				GCC_WARN_64_TO_32_BIT_CONVERSION = YES;
				GCC_WARN_ABOUT_RETURN_TYPE = YES_ERROR;
				GCC_WARN_UNDECLARED_SELECTOR = YES;
				GCC_WARN_UNINITIALIZED_AUTOS = YES_AGGRESSIVE;
				GCC_WARN_UNUSED_FUNCTION = YES;
				GCC_WARN_UNUSED_VARIABLE = YES;
				IPHONEOS_DEPLOYMENT_TARGET = 13.5;
				MTL_ENABLE_DEBUG_INFO = INCLUDE_SOURCE;
				MTL_FAST_MATH = YES;
				ONLY_ACTIVE_ARCH = YES;
				SDKROOT = iphoneos;
				SWIFT_ACTIVE_COMPILATION_CONDITIONS = DEBUG;
				SWIFT_OPTIMIZATION_LEVEL = "-Onone";
			};
			name = Debug;
		};
		13D3A33524AB719F00539895 /* Release */ = {
			isa = XCBuildConfiguration;
			buildSettings = {
				ALWAYS_SEARCH_USER_PATHS = NO;
				CLANG_ANALYZER_NONNULL = YES;
				CLANG_ANALYZER_NUMBER_OBJECT_CONVERSION = YES_AGGRESSIVE;
				CLANG_CXX_LANGUAGE_STANDARD = "gnu++14";
				CLANG_CXX_LIBRARY = "libc++";
				CLANG_ENABLE_MODULES = YES;
				CLANG_ENABLE_OBJC_ARC = YES;
				CLANG_ENABLE_OBJC_WEAK = YES;
				CLANG_WARN_BLOCK_CAPTURE_AUTORELEASING = YES;
				CLANG_WARN_BOOL_CONVERSION = YES;
				CLANG_WARN_COMMA = YES;
				CLANG_WARN_CONSTANT_CONVERSION = YES;
				CLANG_WARN_DEPRECATED_OBJC_IMPLEMENTATIONS = YES;
				CLANG_WARN_DIRECT_OBJC_ISA_USAGE = YES_ERROR;
				CLANG_WARN_DOCUMENTATION_COMMENTS = YES;
				CLANG_WARN_EMPTY_BODY = YES;
				CLANG_WARN_ENUM_CONVERSION = YES;
				CLANG_WARN_INFINITE_RECURSION = YES;
				CLANG_WARN_INT_CONVERSION = YES;
				CLANG_WARN_NON_LITERAL_NULL_CONVERSION = YES;
				CLANG_WARN_OBJC_IMPLICIT_RETAIN_SELF = YES;
				CLANG_WARN_OBJC_LITERAL_CONVERSION = YES;
				CLANG_WARN_OBJC_ROOT_CLASS = YES_ERROR;
				CLANG_WARN_RANGE_LOOP_ANALYSIS = YES;
				CLANG_WARN_STRICT_PROTOTYPES = YES;
				CLANG_WARN_SUSPICIOUS_MOVE = YES;
				CLANG_WARN_UNGUARDED_AVAILABILITY = YES_AGGRESSIVE;
				CLANG_WARN_UNREACHABLE_CODE = YES;
				CLANG_WARN__DUPLICATE_METHOD_MATCH = YES;
				COPY_PHASE_STRIP = NO;
				DEBUG_INFORMATION_FORMAT = "dwarf-with-dsym";
				ENABLE_NS_ASSERTIONS = NO;
				ENABLE_STRICT_OBJC_MSGSEND = YES;
				GCC_C_LANGUAGE_STANDARD = gnu11;
				GCC_NO_COMMON_BLOCKS = YES;
				GCC_WARN_64_TO_32_BIT_CONVERSION = YES;
				GCC_WARN_ABOUT_RETURN_TYPE = YES_ERROR;
				GCC_WARN_UNDECLARED_SELECTOR = YES;
				GCC_WARN_UNINITIALIZED_AUTOS = YES_AGGRESSIVE;
				GCC_WARN_UNUSED_FUNCTION = YES;
				GCC_WARN_UNUSED_VARIABLE = YES;
				IPHONEOS_DEPLOYMENT_TARGET = 13.5;
				MTL_ENABLE_DEBUG_INFO = NO;
				MTL_FAST_MATH = YES;
				SDKROOT = iphoneos;
				SWIFT_COMPILATION_MODE = wholemodule;
				SWIFT_OPTIMIZATION_LEVEL = "-O";
				VALIDATE_PRODUCT = YES;
			};
			name = Release;
		};
		13D3A33724AB719F00539895 /* Debug */ = {
			isa = XCBuildConfiguration;
			buildSettings = {
				ASSETCATALOG_COMPILER_APPICON_NAME = AppIcon;
				CODE_SIGN_STYLE = Automatic;
				DEVELOPMENT_ASSET_PATHS = "\"App/Preview Content\"";
				DEVELOPMENT_TEAM = CN66XH652A;
				ENABLE_PREVIEWS = YES;
				INFOPLIST_FILE = "App/Supporting Files/Info.plist";
				LD_RUNPATH_SEARCH_PATHS = (
					"$(inherited)",
					"@executable_path/Frameworks",
				);
				MARKETING_VERSION = 1.0.0;
				PRODUCT_BUNDLE_IDENTIFIER = com.jro.LinguaFreq;
				PRODUCT_NAME = "$(TARGET_NAME)";
				SWIFT_VERSION = 5.0;
				TARGETED_DEVICE_FAMILY = 1;
				VERSIONING_SYSTEM = "apple-generic";
			};
			name = Debug;
		};
		13D3A33824AB719F00539895 /* Release */ = {
			isa = XCBuildConfiguration;
			buildSettings = {
				ASSETCATALOG_COMPILER_APPICON_NAME = AppIcon;
				CODE_SIGN_STYLE = Automatic;
				DEVELOPMENT_ASSET_PATHS = "\"App/Preview Content\"";
				DEVELOPMENT_TEAM = CN66XH652A;
				ENABLE_PREVIEWS = YES;
				INFOPLIST_FILE = "App/Supporting Files/Info.plist";
				LD_RUNPATH_SEARCH_PATHS = (
					"$(inherited)",
					"@executable_path/Frameworks",
				);
				MARKETING_VERSION = 1.0.0;
				PRODUCT_BUNDLE_IDENTIFIER = com.jro.LinguaFreq;
				PRODUCT_NAME = "$(TARGET_NAME)";
				SWIFT_VERSION = 5.0;
				TARGETED_DEVICE_FAMILY = 1;
				VERSIONING_SYSTEM = "apple-generic";
			};
			name = Release;
		};
/* End XCBuildConfiguration section */

/* Begin XCConfigurationList section */
		13D3A31D24AB719D00539895 /* Build configuration list for PBXProject "LinguaFreq" */ = {
			isa = XCConfigurationList;
			buildConfigurations = (
				13D3A33424AB719F00539895 /* Debug */,
				13D3A33524AB719F00539895 /* Release */,
			);
			defaultConfigurationIsVisible = 0;
			defaultConfigurationName = Release;
		};
		13D3A33624AB719F00539895 /* Build configuration list for PBXNativeTarget "LinguaFreq" */ = {
			isa = XCConfigurationList;
			buildConfigurations = (
				13D3A33724AB719F00539895 /* Debug */,
				13D3A33824AB719F00539895 /* Release */,
			);
			defaultConfigurationIsVisible = 0;
			defaultConfigurationName = Release;
		};
/* End XCConfigurationList section */
	};
	rootObject = 13D3A31A24AB719D00539895 /* Project object */;
}
